
Microsoft Visual Studio Solution File, Format Version 12.00
# Visual Studio Version 17
VisualStudioVersion = 17.0.31815.197
MinimumVisualStudioVersion = 10.0.40219.1
Project("{2150E333-8FDC-42A3-9474-1A3956D46DE8}") = "Solution Items", "Solution Items", "{E01A4995-69A5-421D-9B7F-FA935E758AC9}"
	ProjectSection(SolutionItems) = preProject
		setup.ico = setup.ico
	EndProjectSection
EndProject
Project("{2150E333-8FDC-42A3-9474-1A3956D46DE8}") = "Core", "Core", "{66B58CF4-50CF-40E9-8179-041A5B021D1D}"
EndProject
Project("{2150E333-8FDC-42A3-9474-1A3956D46DE8}") = "ServicioWeb", "ServicioWeb", "{38283094-8C3E-41ED-96E8-C79D6CE27C12}"
EndProject
Project("{2150E333-8FDC-42A3-9474-1A3956D46DE8}") = ".nuget", ".nuget", "{1B7A0D86-3849-41BB-9ED1-E1131E372260}"
EndProject
Project("{54435603-DBB4-11D2-8724-00A0C9A8B90C}") = "Setup", "Setup\Setup.vdproj", "{956E5D79-5D36-4508-9914-F4EC39BEA928}"
EndProject
Project("{FAE04EC0-301F-11D3-BF4B-00C04F79EFBC}") = "Dominio", "Core\Dominio\Dominio.csproj", "{74E3681E-1245-4268-ADB9-D76DA18B2FE0}"
EndProject
Project("{FAE04EC0-301F-11D3-BF4B-00C04F79EFBC}") = "EndPoints", "ServicioWeb\Endpoints\EndPoints.csproj", "{7CD9FF6F-8CBC-4F16-9AAA-F68B67AE9DEB}"
EndProject
Project("{FAE04EC0-301F-11D3-BF4B-00C04F79EFBC}") = "Servicios", "ServicioWeb\Servicios\Servicios.csproj", "{BC08C145-CE0A-4220-A2F6-41B7AAE80FC7}"
EndProject
Project("{FAE04EC0-301F-11D3-BF4B-00C04F79EFBC}") = "TiposDatosHacienda", "ServicioWeb\TiposDatos\TiposDatosHacienda.csproj", "{8C969594-BDE2-4009-9F6A-260FF53869ED}"
EndProject
Project("{FAE04EC0-301F-11D3-BF4B-00C04F79EFBC}") = "Contexto", "ServicioWeb\Contexto\Contexto.csproj", "{7C07FD36-AF8C-4D6F-9EE4-F84082D03F9D}"
EndProject
Project("{FAE04EC0-301F-11D3-BF4B-00C04F79EFBC}") = "Core", "Core\Core\Core.csproj", "{FA3C5BCE-3DB6-486E-B16B-8B7F76EEF63F}"
EndProject
Project("{2150E333-8FDC-42A3-9474-1A3956D46DE8}") = "WindowsApps", "WindowsApps", "{23B7469F-E6D8-422F-A8DB-9C19E213915B}"
EndProject
Project("{FAE04EC0-301F-11D3-BF4B-00C04F79EFBC}") = "Activator", "WindowsApps\Activator\Activator.csproj", "{9D54BA58-FBB9-4325-82EF-1A4F8B36881F}"
EndProject
Project("{FAE04EC0-301F-11D3-BF4B-00C04F79EFBC}") = "DatosEquipo", "WindowsApps\DatosEquipo\DatosEquipo.csproj", "{3600013C-C891-4931-8C9B-BC84E11EB3E7}"
EndProject
Project("{F184B08F-C81C-45F6-A57F-5ABD9991F28F}") = "Facturacion", "WindowsApps\Facturacion\Facturacion.vbproj", "{9E0FF35A-3DA7-4051-83D0-C97ACE18D0F8}"
EndProject
Project("{FAE04EC0-301F-11D3-BF4B-00C04F79EFBC}") = "ClienteWCF", "WindowsApps\ClienteWCF\ClienteWCF.csproj", "{2602DD72-5AA0-45A2-A4A6-4805DA33C318}"
EndProject
Global
	GlobalSection(SolutionConfigurationPlatforms) = preSolution
		Debug|.NET = Debug|.NET
		Debug|Any CPU = Debug|Any CPU
		Debug|Mixed Platforms = Debug|Mixed Platforms
		Debug|x86 = Debug|x86
		Release|.NET = Release|.NET
		Release|Any CPU = Release|Any CPU
		Release|Mixed Platforms = Release|Mixed Platforms
		Release|x86 = Release|x86
	EndGlobalSection
	GlobalSection(ProjectConfigurationPlatforms) = postSolution
		{956E5D79-5D36-4508-9914-F4EC39BEA928}.Debug|.NET.ActiveCfg = Release
		{956E5D79-5D36-4508-9914-F4EC39BEA928}.Debug|.NET.Build.0 = Release
		{956E5D79-5D36-4508-9914-F4EC39BEA928}.Debug|Any CPU.ActiveCfg = Release
		{956E5D79-5D36-4508-9914-F4EC39BEA928}.Debug|Mixed Platforms.ActiveCfg = Release
		{956E5D79-5D36-4508-9914-F4EC39BEA928}.Debug|Mixed Platforms.Build.0 = Release
		{956E5D79-5D36-4508-9914-F4EC39BEA928}.Debug|x86.ActiveCfg = Release
		{956E5D79-5D36-4508-9914-F4EC39BEA928}.Release|.NET.ActiveCfg = Release
		{956E5D79-5D36-4508-9914-F4EC39BEA928}.Release|.NET.Build.0 = Release
		{956E5D79-5D36-4508-9914-F4EC39BEA928}.Release|Any CPU.ActiveCfg = Release
		{956E5D79-5D36-4508-9914-F4EC39BEA928}.Release|Any CPU.Build.0 = Release
		{956E5D79-5D36-4508-9914-F4EC39BEA928}.Release|Mixed Platforms.ActiveCfg = Release
		{956E5D79-5D36-4508-9914-F4EC39BEA928}.Release|Mixed Platforms.Build.0 = Release
		{956E5D79-5D36-4508-9914-F4EC39BEA928}.Release|x86.ActiveCfg = Release
		{74E3681E-1245-4268-ADB9-D76DA18B2FE0}.Debug|.NET.ActiveCfg = Debug|Any CPU
		{74E3681E-1245-4268-ADB9-D76DA18B2FE0}.Debug|.NET.Build.0 = Debug|Any CPU
		{74E3681E-1245-4268-ADB9-D76DA18B2FE0}.Debug|Any CPU.ActiveCfg = Debug|Any CPU
		{74E3681E-1245-4268-ADB9-D76DA18B2FE0}.Debug|Any CPU.Build.0 = Debug|Any CPU
		{74E3681E-1245-4268-ADB9-D76DA18B2FE0}.Debug|Mixed Platforms.ActiveCfg = Debug|Any CPU
		{74E3681E-1245-4268-ADB9-D76DA18B2FE0}.Debug|Mixed Platforms.Build.0 = Debug|Any CPU
		{74E3681E-1245-4268-ADB9-D76DA18B2FE0}.Debug|x86.ActiveCfg = Debug|Any CPU
		{74E3681E-1245-4268-ADB9-D76DA18B2FE0}.Debug|x86.Build.0 = Debug|Any CPU
		{74E3681E-1245-4268-ADB9-D76DA18B2FE0}.Release|.NET.ActiveCfg = Release|Any CPU
		{74E3681E-1245-4268-ADB9-D76DA18B2FE0}.Release|.NET.Build.0 = Release|Any CPU
		{74E3681E-1245-4268-ADB9-D76DA18B2FE0}.Release|Any CPU.ActiveCfg = Release|Any CPU
		{74E3681E-1245-4268-ADB9-D76DA18B2FE0}.Release|Any CPU.Build.0 = Release|Any CPU
		{74E3681E-1245-4268-ADB9-D76DA18B2FE0}.Release|Mixed Platforms.ActiveCfg = Release|Any CPU
		{74E3681E-1245-4268-ADB9-D76DA18B2FE0}.Release|Mixed Platforms.Build.0 = Release|Any CPU
		{74E3681E-1245-4268-ADB9-D76DA18B2FE0}.Release|x86.ActiveCfg = Release|Any CPU
		{74E3681E-1245-4268-ADB9-D76DA18B2FE0}.Release|x86.Build.0 = Release|Any CPU
		{7CD9FF6F-8CBC-4F16-9AAA-F68B67AE9DEB}.Debug|.NET.ActiveCfg = Debug|Any CPU
		{7CD9FF6F-8CBC-4F16-9AAA-F68B67AE9DEB}.Debug|.NET.Build.0 = Debug|Any CPU
		{7CD9FF6F-8CBC-4F16-9AAA-F68B67AE9DEB}.Debug|Any CPU.ActiveCfg = Debug|Any CPU
		{7CD9FF6F-8CBC-4F16-9AAA-F68B67AE9DEB}.Debug|Any CPU.Build.0 = Debug|Any CPU
		{7CD9FF6F-8CBC-4F16-9AAA-F68B67AE9DEB}.Debug|Mixed Platforms.ActiveCfg = Debug|Any CPU
		{7CD9FF6F-8CBC-4F16-9AAA-F68B67AE9DEB}.Debug|Mixed Platforms.Build.0 = Debug|Any CPU
		{7CD9FF6F-8CBC-4F16-9AAA-F68B67AE9DEB}.Debug|x86.ActiveCfg = Debug|Any CPU
		{7CD9FF6F-8CBC-4F16-9AAA-F68B67AE9DEB}.Debug|x86.Build.0 = Debug|Any CPU
		{7CD9FF6F-8CBC-4F16-9AAA-F68B67AE9DEB}.Release|.NET.ActiveCfg = Release|Any CPU
		{7CD9FF6F-8CBC-4F16-9AAA-F68B67AE9DEB}.Release|.NET.Build.0 = Release|Any CPU
		{7CD9FF6F-8CBC-4F16-9AAA-F68B67AE9DEB}.Release|Any CPU.ActiveCfg = Release|Any CPU
		{7CD9FF6F-8CBC-4F16-9AAA-F68B67AE9DEB}.Release|Any CPU.Build.0 = Release|Any CPU
		{7CD9FF6F-8CBC-4F16-9AAA-F68B67AE9DEB}.Release|Mixed Platforms.ActiveCfg = Release|Any CPU
		{7CD9FF6F-8CBC-4F16-9AAA-F68B67AE9DEB}.Release|Mixed Platforms.Build.0 = Release|Any CPU
		{7CD9FF6F-8CBC-4F16-9AAA-F68B67AE9DEB}.Release|x86.ActiveCfg = Release|Any CPU
		{7CD9FF6F-8CBC-4F16-9AAA-F68B67AE9DEB}.Release|x86.Build.0 = Release|Any CPU
		{BC08C145-CE0A-4220-A2F6-41B7AAE80FC7}.Debug|.NET.ActiveCfg = Debug|Any CPU
		{BC08C145-CE0A-4220-A2F6-41B7AAE80FC7}.Debug|.NET.Build.0 = Debug|Any CPU
		{BC08C145-CE0A-4220-A2F6-41B7AAE80FC7}.Debug|Any CPU.ActiveCfg = Debug|Any CPU
		{BC08C145-CE0A-4220-A2F6-41B7AAE80FC7}.Debug|Any CPU.Build.0 = Debug|Any CPU
		{BC08C145-CE0A-4220-A2F6-41B7AAE80FC7}.Debug|Mixed Platforms.ActiveCfg = Debug|Any CPU
		{BC08C145-CE0A-4220-A2F6-41B7AAE80FC7}.Debug|Mixed Platforms.Build.0 = Debug|Any CPU
		{BC08C145-CE0A-4220-A2F6-41B7AAE80FC7}.Debug|x86.ActiveCfg = Debug|Any CPU
		{BC08C145-CE0A-4220-A2F6-41B7AAE80FC7}.Debug|x86.Build.0 = Debug|Any CPU
		{BC08C145-CE0A-4220-A2F6-41B7AAE80FC7}.Release|.NET.ActiveCfg = Release|Any CPU
		{BC08C145-CE0A-4220-A2F6-41B7AAE80FC7}.Release|.NET.Build.0 = Release|Any CPU
		{BC08C145-CE0A-4220-A2F6-41B7AAE80FC7}.Release|Any CPU.ActiveCfg = Release|Any CPU
		{BC08C145-CE0A-4220-A2F6-41B7AAE80FC7}.Release|Any CPU.Build.0 = Release|Any CPU
		{BC08C145-CE0A-4220-A2F6-41B7AAE80FC7}.Release|Mixed Platforms.ActiveCfg = Release|Any CPU
		{BC08C145-CE0A-4220-A2F6-41B7AAE80FC7}.Release|Mixed Platforms.Build.0 = Release|Any CPU
		{BC08C145-CE0A-4220-A2F6-41B7AAE80FC7}.Release|x86.ActiveCfg = Release|Any CPU
		{BC08C145-CE0A-4220-A2F6-41B7AAE80FC7}.Release|x86.Build.0 = Release|Any CPU
		{8C969594-BDE2-4009-9F6A-260FF53869ED}.Debug|.NET.ActiveCfg = Debug|Any CPU
		{8C969594-BDE2-4009-9F6A-260FF53869ED}.Debug|.NET.Build.0 = Debug|Any CPU
		{8C969594-BDE2-4009-9F6A-260FF53869ED}.Debug|Any CPU.ActiveCfg = Debug|Any CPU
		{8C969594-BDE2-4009-9F6A-260FF53869ED}.Debug|Any CPU.Build.0 = Debug|Any CPU
		{8C969594-BDE2-4009-9F6A-260FF53869ED}.Debug|Mixed Platforms.ActiveCfg = Debug|Any CPU
		{8C969594-BDE2-4009-9F6A-260FF53869ED}.Debug|Mixed Platforms.Build.0 = Debug|Any CPU
		{8C969594-BDE2-4009-9F6A-260FF53869ED}.Debug|x86.ActiveCfg = Debug|Any CPU
		{8C969594-BDE2-4009-9F6A-260FF53869ED}.Debug|x86.Build.0 = Debug|Any CPU
		{8C969594-BDE2-4009-9F6A-260FF53869ED}.Release|.NET.ActiveCfg = Release|Any CPU
		{8C969594-BDE2-4009-9F6A-260FF53869ED}.Release|.NET.Build.0 = Release|Any CPU
		{8C969594-BDE2-4009-9F6A-260FF53869ED}.Release|Any CPU.ActiveCfg = Release|Any CPU
		{8C969594-BDE2-4009-9F6A-260FF53869ED}.Release|Any CPU.Build.0 = Release|Any CPU
		{8C969594-BDE2-4009-9F6A-260FF53869ED}.Release|Mixed Platforms.ActiveCfg = Release|Any CPU
		{8C969594-BDE2-4009-9F6A-260FF53869ED}.Release|Mixed Platforms.Build.0 = Release|Any CPU
		{8C969594-BDE2-4009-9F6A-260FF53869ED}.Release|x86.ActiveCfg = Release|Any CPU
		{8C969594-BDE2-4009-9F6A-260FF53869ED}.Release|x86.Build.0 = Release|Any CPU
		{7C07FD36-AF8C-4D6F-9EE4-F84082D03F9D}.Debug|.NET.ActiveCfg = Debug|Any CPU
		{7C07FD36-AF8C-4D6F-9EE4-F84082D03F9D}.Debug|.NET.Build.0 = Debug|Any CPU
		{7C07FD36-AF8C-4D6F-9EE4-F84082D03F9D}.Debug|Any CPU.ActiveCfg = Debug|Any CPU
		{7C07FD36-AF8C-4D6F-9EE4-F84082D03F9D}.Debug|Any CPU.Build.0 = Debug|Any CPU
		{7C07FD36-AF8C-4D6F-9EE4-F84082D03F9D}.Debug|Mixed Platforms.ActiveCfg = Debug|Any CPU
		{7C07FD36-AF8C-4D6F-9EE4-F84082D03F9D}.Debug|Mixed Platforms.Build.0 = Debug|Any CPU
		{7C07FD36-AF8C-4D6F-9EE4-F84082D03F9D}.Debug|x86.ActiveCfg = Debug|Any CPU
		{7C07FD36-AF8C-4D6F-9EE4-F84082D03F9D}.Debug|x86.Build.0 = Debug|Any CPU
		{7C07FD36-AF8C-4D6F-9EE4-F84082D03F9D}.Release|.NET.ActiveCfg = Release|Any CPU
		{7C07FD36-AF8C-4D6F-9EE4-F84082D03F9D}.Release|.NET.Build.0 = Release|Any CPU
		{7C07FD36-AF8C-4D6F-9EE4-F84082D03F9D}.Release|Any CPU.ActiveCfg = Release|Any CPU
		{7C07FD36-AF8C-4D6F-9EE4-F84082D03F9D}.Release|Any CPU.Build.0 = Release|Any CPU
		{7C07FD36-AF8C-4D6F-9EE4-F84082D03F9D}.Release|Mixed Platforms.ActiveCfg = Release|Any CPU
		{7C07FD36-AF8C-4D6F-9EE4-F84082D03F9D}.Release|Mixed Platforms.Build.0 = Release|Any CPU
		{7C07FD36-AF8C-4D6F-9EE4-F84082D03F9D}.Release|x86.ActiveCfg = Release|Any CPU
		{7C07FD36-AF8C-4D6F-9EE4-F84082D03F9D}.Release|x86.Build.0 = Release|Any CPU
		{FA3C5BCE-3DB6-486E-B16B-8B7F76EEF63F}.Debug|.NET.ActiveCfg = Debug|Any CPU
		{FA3C5BCE-3DB6-486E-B16B-8B7F76EEF63F}.Debug|.NET.Build.0 = Debug|Any CPU
		{FA3C5BCE-3DB6-486E-B16B-8B7F76EEF63F}.Debug|Any CPU.ActiveCfg = Debug|Any CPU
		{FA3C5BCE-3DB6-486E-B16B-8B7F76EEF63F}.Debug|Any CPU.Build.0 = Debug|Any CPU
		{FA3C5BCE-3DB6-486E-B16B-8B7F76EEF63F}.Debug|Mixed Platforms.ActiveCfg = Debug|Any CPU
		{FA3C5BCE-3DB6-486E-B16B-8B7F76EEF63F}.Debug|Mixed Platforms.Build.0 = Debug|Any CPU
		{FA3C5BCE-3DB6-486E-B16B-8B7F76EEF63F}.Debug|x86.ActiveCfg = Debug|Any CPU
		{FA3C5BCE-3DB6-486E-B16B-8B7F76EEF63F}.Debug|x86.Build.0 = Debug|Any CPU
		{FA3C5BCE-3DB6-486E-B16B-8B7F76EEF63F}.Release|.NET.ActiveCfg = Release|Any CPU
		{FA3C5BCE-3DB6-486E-B16B-8B7F76EEF63F}.Release|.NET.Build.0 = Release|Any CPU
		{FA3C5BCE-3DB6-486E-B16B-8B7F76EEF63F}.Release|Any CPU.ActiveCfg = Release|Any CPU
		{FA3C5BCE-3DB6-486E-B16B-8B7F76EEF63F}.Release|Any CPU.Build.0 = Release|Any CPU
		{FA3C5BCE-3DB6-486E-B16B-8B7F76EEF63F}.Release|Mixed Platforms.ActiveCfg = Release|Any CPU
		{FA3C5BCE-3DB6-486E-B16B-8B7F76EEF63F}.Release|Mixed Platforms.Build.0 = Release|Any CPU
		{FA3C5BCE-3DB6-486E-B16B-8B7F76EEF63F}.Release|x86.ActiveCfg = Release|Any CPU
		{FA3C5BCE-3DB6-486E-B16B-8B7F76EEF63F}.Release|x86.Build.0 = Release|Any CPU
		{9D54BA58-FBB9-4325-82EF-1A4F8B36881F}.Debug|.NET.ActiveCfg = Debug|Any CPU
		{9D54BA58-FBB9-4325-82EF-1A4F8B36881F}.Debug|.NET.Build.0 = Debug|Any CPU
		{9D54BA58-FBB9-4325-82EF-1A4F8B36881F}.Debug|Any CPU.ActiveCfg = Debug|Any CPU
		{9D54BA58-FBB9-4325-82EF-1A4F8B36881F}.Debug|Any CPU.Build.0 = Debug|Any CPU
		{9D54BA58-FBB9-4325-82EF-1A4F8B36881F}.Debug|Mixed Platforms.ActiveCfg = Debug|Any CPU
		{9D54BA58-FBB9-4325-82EF-1A4F8B36881F}.Debug|Mixed Platforms.Build.0 = Debug|Any CPU
		{9D54BA58-FBB9-4325-82EF-1A4F8B36881F}.Debug|x86.ActiveCfg = Debug|Any CPU
		{9D54BA58-FBB9-4325-82EF-1A4F8B36881F}.Debug|x86.Build.0 = Debug|Any CPU
		{9D54BA58-FBB9-4325-82EF-1A4F8B36881F}.Release|.NET.ActiveCfg = Release|Any CPU
		{9D54BA58-FBB9-4325-82EF-1A4F8B36881F}.Release|.NET.Build.0 = Release|Any CPU
		{9D54BA58-FBB9-4325-82EF-1A4F8B36881F}.Release|Any CPU.ActiveCfg = Release|Any CPU
		{9D54BA58-FBB9-4325-82EF-1A4F8B36881F}.Release|Any CPU.Build.0 = Release|Any CPU
		{9D54BA58-FBB9-4325-82EF-1A4F8B36881F}.Release|Mixed Platforms.ActiveCfg = Release|Any CPU
		{9D54BA58-FBB9-4325-82EF-1A4F8B36881F}.Release|Mixed Platforms.Build.0 = Release|Any CPU
		{9D54BA58-FBB9-4325-82EF-1A4F8B36881F}.Release|x86.ActiveCfg = Release|Any CPU
		{9D54BA58-FBB9-4325-82EF-1A4F8B36881F}.Release|x86.Build.0 = Release|Any CPU
		{3600013C-C891-4931-8C9B-BC84E11EB3E7}.Debug|.NET.ActiveCfg = Debug|Any CPU
		{3600013C-C891-4931-8C9B-BC84E11EB3E7}.Debug|.NET.Build.0 = Debug|Any CPU
		{3600013C-C891-4931-8C9B-BC84E11EB3E7}.Debug|Any CPU.ActiveCfg = Debug|Any CPU
		{3600013C-C891-4931-8C9B-BC84E11EB3E7}.Debug|Any CPU.Build.0 = Debug|Any CPU
		{3600013C-C891-4931-8C9B-BC84E11EB3E7}.Debug|Mixed Platforms.ActiveCfg = Debug|Any CPU
		{3600013C-C891-4931-8C9B-BC84E11EB3E7}.Debug|Mixed Platforms.Build.0 = Debug|Any CPU
		{3600013C-C891-4931-8C9B-BC84E11EB3E7}.Debug|x86.ActiveCfg = Debug|Any CPU
		{3600013C-C891-4931-8C9B-BC84E11EB3E7}.Debug|x86.Build.0 = Debug|Any CPU
		{3600013C-C891-4931-8C9B-BC84E11EB3E7}.Release|.NET.ActiveCfg = Release|Any CPU
		{3600013C-C891-4931-8C9B-BC84E11EB3E7}.Release|.NET.Build.0 = Release|Any CPU
		{3600013C-C891-4931-8C9B-BC84E11EB3E7}.Release|Any CPU.ActiveCfg = Release|Any CPU
		{3600013C-C891-4931-8C9B-BC84E11EB3E7}.Release|Any CPU.Build.0 = Release|Any CPU
		{3600013C-C891-4931-8C9B-BC84E11EB3E7}.Release|Mixed Platforms.ActiveCfg = Release|Any CPU
		{3600013C-C891-4931-8C9B-BC84E11EB3E7}.Release|Mixed Platforms.Build.0 = Release|Any CPU
		{3600013C-C891-4931-8C9B-BC84E11EB3E7}.Release|x86.ActiveCfg = Release|Any CPU
		{3600013C-C891-4931-8C9B-BC84E11EB3E7}.Release|x86.Build.0 = Release|Any CPU
		{9E0FF35A-3DA7-4051-83D0-C97ACE18D0F8}.Debug|.NET.ActiveCfg = Debug|Any CPU
		{9E0FF35A-3DA7-4051-83D0-C97ACE18D0F8}.Debug|.NET.Build.0 = Debug|Any CPU
		{9E0FF35A-3DA7-4051-83D0-C97ACE18D0F8}.Debug|Any CPU.ActiveCfg = Debug|Any CPU
		{9E0FF35A-3DA7-4051-83D0-C97ACE18D0F8}.Debug|Any CPU.Build.0 = Debug|Any CPU
		{9E0FF35A-3DA7-4051-83D0-C97ACE18D0F8}.Debug|Mixed Platforms.ActiveCfg = Debug|Any CPU
		{9E0FF35A-3DA7-4051-83D0-C97ACE18D0F8}.Debug|Mixed Platforms.Build.0 = Debug|Any CPU
		{9E0FF35A-3DA7-4051-83D0-C97ACE18D0F8}.Debug|x86.ActiveCfg = Debug|Any CPU
		{9E0FF35A-3DA7-4051-83D0-C97ACE18D0F8}.Debug|x86.Build.0 = Debug|Any CPU
		{9E0FF35A-3DA7-4051-83D0-C97ACE18D0F8}.Release|.NET.ActiveCfg = Release|Any CPU
		{9E0FF35A-3DA7-4051-83D0-C97ACE18D0F8}.Release|.NET.Build.0 = Release|Any CPU
		{9E0FF35A-3DA7-4051-83D0-C97ACE18D0F8}.Release|Any CPU.ActiveCfg = Release|Any CPU
		{9E0FF35A-3DA7-4051-83D0-C97ACE18D0F8}.Release|Any CPU.Build.0 = Release|Any CPU
		{9E0FF35A-3DA7-4051-83D0-C97ACE18D0F8}.Release|Mixed Platforms.ActiveCfg = Release|Any CPU
		{9E0FF35A-3DA7-4051-83D0-C97ACE18D0F8}.Release|Mixed Platforms.Build.0 = Release|Any CPU
		{9E0FF35A-3DA7-4051-83D0-C97ACE18D0F8}.Release|x86.ActiveCfg = Release|Any CPU
		{9E0FF35A-3DA7-4051-83D0-C97ACE18D0F8}.Release|x86.Build.0 = Release|Any CPU
		{2602DD72-5AA0-45A2-A4A6-4805DA33C318}.Debug|.NET.ActiveCfg = Debug|Any CPU
		{2602DD72-5AA0-45A2-A4A6-4805DA33C318}.Debug|.NET.Build.0 = Debug|Any CPU
		{2602DD72-5AA0-45A2-A4A6-4805DA33C318}.Debug|Any CPU.ActiveCfg = Debug|Any CPU
		{2602DD72-5AA0-45A2-A4A6-4805DA33C318}.Debug|Any CPU.Build.0 = Debug|Any CPU
		{2602DD72-5AA0-45A2-A4A6-4805DA33C318}.Debug|Mixed Platforms.ActiveCfg = Debug|Any CPU
		{2602DD72-5AA0-45A2-A4A6-4805DA33C318}.Debug|Mixed Platforms.Build.0 = Debug|Any CPU
		{2602DD72-5AA0-45A2-A4A6-4805DA33C318}.Debug|x86.ActiveCfg = Debug|Any CPU
		{2602DD72-5AA0-45A2-A4A6-4805DA33C318}.Debug|x86.Build.0 = Debug|Any CPU
		{2602DD72-5AA0-45A2-A4A6-4805DA33C318}.Release|.NET.ActiveCfg = Release|Any CPU
		{2602DD72-5AA0-45A2-A4A6-4805DA33C318}.Release|.NET.Build.0 = Release|Any CPU
		{2602DD72-5AA0-45A2-A4A6-4805DA33C318}.Release|Any CPU.ActiveCfg = Release|Any CPU
		{2602DD72-5AA0-45A2-A4A6-4805DA33C318}.Release|Any CPU.Build.0 = Release|Any CPU
		{2602DD72-5AA0-45A2-A4A6-4805DA33C318}.Release|Mixed Platforms.ActiveCfg = Release|Any CPU
		{2602DD72-5AA0-45A2-A4A6-4805DA33C318}.Release|Mixed Platforms.Build.0 = Release|Any CPU
		{2602DD72-5AA0-45A2-A4A6-4805DA33C318}.Release|x86.ActiveCfg = Release|Any CPU
		{2602DD72-5AA0-45A2-A4A6-4805DA33C318}.Release|x86.Build.0 = Release|Any CPU
	EndGlobalSection
	GlobalSection(SolutionProperties) = preSolution
		HideSolutionNode = FALSE
	EndGlobalSection
	GlobalSection(NestedProjects) = preSolution
		{956E5D79-5D36-4508-9914-F4EC39BEA928} = {E01A4995-69A5-421D-9B7F-FA935E758AC9}
		{74E3681E-1245-4268-ADB9-D76DA18B2FE0} = {66B58CF4-50CF-40E9-8179-041A5B021D1D}
		{7CD9FF6F-8CBC-4F16-9AAA-F68B67AE9DEB} = {38283094-8C3E-41ED-96E8-C79D6CE27C12}
		{BC08C145-CE0A-4220-A2F6-41B7AAE80FC7} = {38283094-8C3E-41ED-96E8-C79D6CE27C12}
		{8C969594-BDE2-4009-9F6A-260FF53869ED} = {38283094-8C3E-41ED-96E8-C79D6CE27C12}
		{7C07FD36-AF8C-4D6F-9EE4-F84082D03F9D} = {38283094-8C3E-41ED-96E8-C79D6CE27C12}
		{FA3C5BCE-3DB6-486E-B16B-8B7F76EEF63F} = {66B58CF4-50CF-40E9-8179-041A5B021D1D}
		{9D54BA58-FBB9-4325-82EF-1A4F8B36881F} = {23B7469F-E6D8-422F-A8DB-9C19E213915B}
		{3600013C-C891-4931-8C9B-BC84E11EB3E7} = {23B7469F-E6D8-422F-A8DB-9C19E213915B}
		{9E0FF35A-3DA7-4051-83D0-C97ACE18D0F8} = {23B7469F-E6D8-422F-A8DB-9C19E213915B}
		{2602DD72-5AA0-45A2-A4A6-4805DA33C318} = {23B7469F-E6D8-422F-A8DB-9C19E213915B}
	EndGlobalSection
	GlobalSection(ExtensibilityGlobals) = postSolution
		SolutionGuid = {D8133CC0-28D9-4CD6-8284-726C2C85E359}
		EnterpriseLibraryConfigurationToolBinariesPath = packages\Unity.2.1.505.2\lib\NET35;packages\Unity.2.1.505.0\lib\NET35
	EndGlobalSection
EndGlobal
