
Microsoft Visual Studio Solution File, Format Version 12.00
# Visual Studio Version 17
VisualStudioVersion = 17.0.31815.197
MinimumVisualStudioVersion = 10.0.40219.1
Project("{2150E333-8FDC-42A3-9474-1A3956D46DE8}") = "Solution Items", "Solution Items", "{E01A4995-69A5-421D-9B7F-FA935E758AC9}"
	ProjectSection(SolutionItems) = preProject
		setup.ico = setup.ico
	EndProjectSection
EndProject
Project("{2150E333-8FDC-42A3-9474-1A3956D46DE8}") = ".nuget", ".nuget", "{1B7A0D86-3849-41BB-9ED1-E1131E372260}"
EndProject
Project("{54435603-DBB4-11D2-8724-00A0C9A8B90C}") = "Setup", "Setup\Setup.vdproj", "{956E5D79-5D36-4508-9914-F4EC39BEA928}"
EndProject
Project("{2150E333-8FDC-42A3-9474-1A3956D46DE8}") = "WindowsApps", "WindowsApps", "{23B7469F-E6D8-422F-A8DB-9C19E213915B}"
EndProject
Project("{FAE04EC0-301F-11D3-BF4B-00C04F79EFBC}") = "Activator", "WindowsApps\Activator\Activator.csproj", "{9D54BA58-FBB9-4325-82EF-1A4F8B36881F}"
EndProject
Project("{2150E333-8FDC-42A3-9474-1A3956D46DE8}") = "Common", "Common", "{948F74DD-5FFA-4A02-808F-1812C15C5071}"
EndProject
Project("{2150E333-8FDC-42A3-9474-1A3956D46DE8}") = "WebAPI", "WebAPI", "{1EE28990-FB8B-4CB1-AE40-CE2903135873}"
EndProject
Project("{9A19103F-16F7-4668-BE54-9A1E7A4F7556}") = "Common", "Common\Common.csproj", "{53A26DE3-C25B-430E-8147-990AC6131BE1}"
EndProject
Project("{9A19103F-16F7-4668-BE54-9A1E7A4F7556}") = "TiposDatos", "WebAPI\TiposDatos\TiposDatos.csproj", "{5CD9843B-44FC-434C-A31A-DDD0C786CE62}"
EndProject
Project("{9A19103F-16F7-4668-BE54-9A1E7A4F7556}") = "Contexto", "WebAPI\Contexto\Contexto.csproj", "{2D0B88C2-64EA-4250-A0E3-24D9C5E2FBC3}"
EndProject
Project("{9A19103F-16F7-4668-BE54-9A1E7A4F7556}") = "Servicios", "WebAPI\Servicios\Servicios.csproj", "{0038604A-8632-4277-A818-3CD60B3F216B}"
EndProject
Project("{F184B08F-C81C-45F6-A57F-5ABD9991F28F}") = "Facturacion", "WindowsApps\Facturacion\Facturacion.vbproj", "{9E0FF35A-3DA7-4051-83D0-C97ACE18D0F8}"
EndProject
Project("{FAE04EC0-301F-11D3-BF4B-00C04F79EFBC}") = "ClienteWCF", "WindowsApps\ClienteWCF\ClienteWCF.csproj", "{2602DD72-5AA0-45A2-A4A6-4805DA33C318}"
EndProject
Project("{9A19103F-16F7-4668-BE54-9A1E7A4F7556}") = "WebServer", "WebAPI\WebServer\WebServer.csproj", "{AC280306-B8E2-49BB-A997-A019A5E1FA57}"
EndProject
Global
	GlobalSection(SolutionConfigurationPlatforms) = preSolution
		Debug|.NET = Debug|.NET
		Debug|Any CPU = Debug|Any CPU
		Debug|Mixed Platforms = Debug|Mixed Platforms
		Debug|x86 = Debug|x86
		Release|.NET = Release|.NET
		Release|Any CPU = Release|Any CPU
		Release|Mixed Platforms = Release|Mixed Platforms
		Release|x86 = Release|x86
	EndGlobalSection
	GlobalSection(ProjectConfigurationPlatforms) = postSolution
		{956E5D79-5D36-4508-9914-F4EC39BEA928}.Debug|.NET.ActiveCfg = Release
		{956E5D79-5D36-4508-9914-F4EC39BEA928}.Debug|.NET.Build.0 = Release
		{956E5D79-5D36-4508-9914-F4EC39BEA928}.Debug|Any CPU.ActiveCfg = Release
		{956E5D79-5D36-4508-9914-F4EC39BEA928}.Debug|Mixed Platforms.ActiveCfg = Release
		{956E5D79-5D36-4508-9914-F4EC39BEA928}.Debug|Mixed Platforms.Build.0 = Release
		{956E5D79-5D36-4508-9914-F4EC39BEA928}.Debug|x86.ActiveCfg = Release
		{956E5D79-5D36-4508-9914-F4EC39BEA928}.Release|.NET.ActiveCfg = Release
		{956E5D79-5D36-4508-9914-F4EC39BEA928}.Release|.NET.Build.0 = Release
		{956E5D79-5D36-4508-9914-F4EC39BEA928}.Release|Any CPU.ActiveCfg = Release
		{956E5D79-5D36-4508-9914-F4EC39BEA928}.Release|Any CPU.Build.0 = Release
		{956E5D79-5D36-4508-9914-F4EC39BEA928}.Release|Mixed Platforms.ActiveCfg = Release
		{956E5D79-5D36-4508-9914-F4EC39BEA928}.Release|Mixed Platforms.Build.0 = Release
		{956E5D79-5D36-4508-9914-F4EC39BEA928}.Release|x86.ActiveCfg = Release
		{9D54BA58-FBB9-4325-82EF-1A4F8B36881F}.Debug|.NET.ActiveCfg = Debug|Any CPU
		{9D54BA58-FBB9-4325-82EF-1A4F8B36881F}.Debug|.NET.Build.0 = Debug|Any CPU
		{9D54BA58-FBB9-4325-82EF-1A4F8B36881F}.Debug|Any CPU.ActiveCfg = Debug|Any CPU
		{9D54BA58-FBB9-4325-82EF-1A4F8B36881F}.Debug|Any CPU.Build.0 = Debug|Any CPU
		{9D54BA58-FBB9-4325-82EF-1A4F8B36881F}.Debug|Mixed Platforms.ActiveCfg = Debug|Any CPU
		{9D54BA58-FBB9-4325-82EF-1A4F8B36881F}.Debug|Mixed Platforms.Build.0 = Debug|Any CPU
		{9D54BA58-FBB9-4325-82EF-1A4F8B36881F}.Debug|x86.ActiveCfg = Debug|Any CPU
		{9D54BA58-FBB9-4325-82EF-1A4F8B36881F}.Debug|x86.Build.0 = Debug|Any CPU
		{9D54BA58-FBB9-4325-82EF-1A4F8B36881F}.Release|.NET.ActiveCfg = Release|Any CPU
		{9D54BA58-FBB9-4325-82EF-1A4F8B36881F}.Release|.NET.Build.0 = Release|Any CPU
		{9D54BA58-FBB9-4325-82EF-1A4F8B36881F}.Release|Any CPU.ActiveCfg = Release|Any CPU
		{9D54BA58-FBB9-4325-82EF-1A4F8B36881F}.Release|Any CPU.Build.0 = Release|Any CPU
		{9D54BA58-FBB9-4325-82EF-1A4F8B36881F}.Release|Mixed Platforms.ActiveCfg = Release|Any CPU
		{9D54BA58-FBB9-4325-82EF-1A4F8B36881F}.Release|Mixed Platforms.Build.0 = Release|Any CPU
		{9D54BA58-FBB9-4325-82EF-1A4F8B36881F}.Release|x86.ActiveCfg = Release|Any CPU
		{9D54BA58-FBB9-4325-82EF-1A4F8B36881F}.Release|x86.Build.0 = Release|Any CPU
		{53A26DE3-C25B-430E-8147-990AC6131BE1}.Debug|.NET.ActiveCfg = Debug|Any CPU
		{53A26DE3-C25B-430E-8147-990AC6131BE1}.Debug|.NET.Build.0 = Debug|Any CPU
		{53A26DE3-C25B-430E-8147-990AC6131BE1}.Debug|Any CPU.ActiveCfg = Debug|Any CPU
		{53A26DE3-C25B-430E-8147-990AC6131BE1}.Debug|Any CPU.Build.0 = Debug|Any CPU
		{53A26DE3-C25B-430E-8147-990AC6131BE1}.Debug|Mixed Platforms.ActiveCfg = Debug|Any CPU
		{53A26DE3-C25B-430E-8147-990AC6131BE1}.Debug|Mixed Platforms.Build.0 = Debug|Any CPU
		{53A26DE3-C25B-430E-8147-990AC6131BE1}.Debug|x86.ActiveCfg = Debug|Any CPU
		{53A26DE3-C25B-430E-8147-990AC6131BE1}.Debug|x86.Build.0 = Debug|Any CPU
		{53A26DE3-C25B-430E-8147-990AC6131BE1}.Release|.NET.ActiveCfg = Release|Any CPU
		{53A26DE3-C25B-430E-8147-990AC6131BE1}.Release|.NET.Build.0 = Release|Any CPU
		{53A26DE3-C25B-430E-8147-990AC6131BE1}.Release|Any CPU.ActiveCfg = Release|Any CPU
		{53A26DE3-C25B-430E-8147-990AC6131BE1}.Release|Any CPU.Build.0 = Release|Any CPU
		{53A26DE3-C25B-430E-8147-990AC6131BE1}.Release|Mixed Platforms.ActiveCfg = Release|Any CPU
		{53A26DE3-C25B-430E-8147-990AC6131BE1}.Release|Mixed Platforms.Build.0 = Release|Any CPU
		{53A26DE3-C25B-430E-8147-990AC6131BE1}.Release|x86.ActiveCfg = Release|Any CPU
		{53A26DE3-C25B-430E-8147-990AC6131BE1}.Release|x86.Build.0 = Release|Any CPU
		{5CD9843B-44FC-434C-A31A-DDD0C786CE62}.Debug|.NET.ActiveCfg = Debug|Any CPU
		{5CD9843B-44FC-434C-A31A-DDD0C786CE62}.Debug|.NET.Build.0 = Debug|Any CPU
		{5CD9843B-44FC-434C-A31A-DDD0C786CE62}.Debug|Any CPU.ActiveCfg = Debug|Any CPU
		{5CD9843B-44FC-434C-A31A-DDD0C786CE62}.Debug|Any CPU.Build.0 = Debug|Any CPU
		{5CD9843B-44FC-434C-A31A-DDD0C786CE62}.Debug|Mixed Platforms.ActiveCfg = Debug|Any CPU
		{5CD9843B-44FC-434C-A31A-DDD0C786CE62}.Debug|Mixed Platforms.Build.0 = Debug|Any CPU
		{5CD9843B-44FC-434C-A31A-DDD0C786CE62}.Debug|x86.ActiveCfg = Debug|Any CPU
		{5CD9843B-44FC-434C-A31A-DDD0C786CE62}.Debug|x86.Build.0 = Debug|Any CPU
		{5CD9843B-44FC-434C-A31A-DDD0C786CE62}.Release|.NET.ActiveCfg = Release|Any CPU
		{5CD9843B-44FC-434C-A31A-DDD0C786CE62}.Release|.NET.Build.0 = Release|Any CPU
		{5CD9843B-44FC-434C-A31A-DDD0C786CE62}.Release|Any CPU.ActiveCfg = Release|Any CPU
		{5CD9843B-44FC-434C-A31A-DDD0C786CE62}.Release|Any CPU.Build.0 = Release|Any CPU
		{5CD9843B-44FC-434C-A31A-DDD0C786CE62}.Release|Mixed Platforms.ActiveCfg = Release|Any CPU
		{5CD9843B-44FC-434C-A31A-DDD0C786CE62}.Release|Mixed Platforms.Build.0 = Release|Any CPU
		{5CD9843B-44FC-434C-A31A-DDD0C786CE62}.Release|x86.ActiveCfg = Release|Any CPU
		{5CD9843B-44FC-434C-A31A-DDD0C786CE62}.Release|x86.Build.0 = Release|Any CPU
		{2D0B88C2-64EA-4250-A0E3-24D9C5E2FBC3}.Debug|.NET.ActiveCfg = Debug|Any CPU
		{2D0B88C2-64EA-4250-A0E3-24D9C5E2FBC3}.Debug|.NET.Build.0 = Debug|Any CPU
		{2D0B88C2-64EA-4250-A0E3-24D9C5E2FBC3}.Debug|Any CPU.ActiveCfg = Debug|Any CPU
		{2D0B88C2-64EA-4250-A0E3-24D9C5E2FBC3}.Debug|Any CPU.Build.0 = Debug|Any CPU
		{2D0B88C2-64EA-4250-A0E3-24D9C5E2FBC3}.Debug|Mixed Platforms.ActiveCfg = Debug|Any CPU
		{2D0B88C2-64EA-4250-A0E3-24D9C5E2FBC3}.Debug|Mixed Platforms.Build.0 = Debug|Any CPU
		{2D0B88C2-64EA-4250-A0E3-24D9C5E2FBC3}.Debug|x86.ActiveCfg = Debug|Any CPU
		{2D0B88C2-64EA-4250-A0E3-24D9C5E2FBC3}.Debug|x86.Build.0 = Debug|Any CPU
		{2D0B88C2-64EA-4250-A0E3-24D9C5E2FBC3}.Release|.NET.ActiveCfg = Release|Any CPU
		{2D0B88C2-64EA-4250-A0E3-24D9C5E2FBC3}.Release|.NET.Build.0 = Release|Any CPU
		{2D0B88C2-64EA-4250-A0E3-24D9C5E2FBC3}.Release|Any CPU.ActiveCfg = Release|Any CPU
		{2D0B88C2-64EA-4250-A0E3-24D9C5E2FBC3}.Release|Any CPU.Build.0 = Release|Any CPU
		{2D0B88C2-64EA-4250-A0E3-24D9C5E2FBC3}.Release|Mixed Platforms.ActiveCfg = Release|Any CPU
		{2D0B88C2-64EA-4250-A0E3-24D9C5E2FBC3}.Release|Mixed Platforms.Build.0 = Release|Any CPU
		{2D0B88C2-64EA-4250-A0E3-24D9C5E2FBC3}.Release|x86.ActiveCfg = Release|Any CPU
		{2D0B88C2-64EA-4250-A0E3-24D9C5E2FBC3}.Release|x86.Build.0 = Release|Any CPU
		{0038604A-8632-4277-A818-3CD60B3F216B}.Debug|.NET.ActiveCfg = Debug|Any CPU
		{0038604A-8632-4277-A818-3CD60B3F216B}.Debug|.NET.Build.0 = Debug|Any CPU
		{0038604A-8632-4277-A818-3CD60B3F216B}.Debug|Any CPU.ActiveCfg = Debug|Any CPU
		{0038604A-8632-4277-A818-3CD60B3F216B}.Debug|Any CPU.Build.0 = Debug|Any CPU
		{0038604A-8632-4277-A818-3CD60B3F216B}.Debug|Mixed Platforms.ActiveCfg = Debug|Any CPU
		{0038604A-8632-4277-A818-3CD60B3F216B}.Debug|Mixed Platforms.Build.0 = Debug|Any CPU
		{0038604A-8632-4277-A818-3CD60B3F216B}.Debug|x86.ActiveCfg = Debug|Any CPU
		{0038604A-8632-4277-A818-3CD60B3F216B}.Debug|x86.Build.0 = Debug|Any CPU
		{0038604A-8632-4277-A818-3CD60B3F216B}.Release|.NET.ActiveCfg = Release|Any CPU
		{0038604A-8632-4277-A818-3CD60B3F216B}.Release|.NET.Build.0 = Release|Any CPU
		{0038604A-8632-4277-A818-3CD60B3F216B}.Release|Any CPU.ActiveCfg = Release|Any CPU
		{0038604A-8632-4277-A818-3CD60B3F216B}.Release|Any CPU.Build.0 = Release|Any CPU
		{0038604A-8632-4277-A818-3CD60B3F216B}.Release|Mixed Platforms.ActiveCfg = Release|Any CPU
		{0038604A-8632-4277-A818-3CD60B3F216B}.Release|Mixed Platforms.Build.0 = Release|Any CPU
		{0038604A-8632-4277-A818-3CD60B3F216B}.Release|x86.ActiveCfg = Release|Any CPU
		{0038604A-8632-4277-A818-3CD60B3F216B}.Release|x86.Build.0 = Release|Any CPU
		{9E0FF35A-3DA7-4051-83D0-C97ACE18D0F8}.Debug|.NET.ActiveCfg = Debug|Any CPU
		{9E0FF35A-3DA7-4051-83D0-C97ACE18D0F8}.Debug|.NET.Build.0 = Debug|Any CPU
		{9E0FF35A-3DA7-4051-83D0-C97ACE18D0F8}.Debug|Any CPU.ActiveCfg = Debug|Any CPU
		{9E0FF35A-3DA7-4051-83D0-C97ACE18D0F8}.Debug|Any CPU.Build.0 = Debug|Any CPU
		{9E0FF35A-3DA7-4051-83D0-C97ACE18D0F8}.Debug|Mixed Platforms.ActiveCfg = Debug|Any CPU
		{9E0FF35A-3DA7-4051-83D0-C97ACE18D0F8}.Debug|Mixed Platforms.Build.0 = Debug|Any CPU
		{9E0FF35A-3DA7-4051-83D0-C97ACE18D0F8}.Debug|x86.ActiveCfg = Debug|Any CPU
		{9E0FF35A-3DA7-4051-83D0-C97ACE18D0F8}.Debug|x86.Build.0 = Debug|Any CPU
		{9E0FF35A-3DA7-4051-83D0-C97ACE18D0F8}.Release|.NET.ActiveCfg = Release|Any CPU
		{9E0FF35A-3DA7-4051-83D0-C97ACE18D0F8}.Release|.NET.Build.0 = Release|Any CPU
		{9E0FF35A-3DA7-4051-83D0-C97ACE18D0F8}.Release|Any CPU.ActiveCfg = Release|Any CPU
		{9E0FF35A-3DA7-4051-83D0-C97ACE18D0F8}.Release|Any CPU.Build.0 = Release|Any CPU
		{9E0FF35A-3DA7-4051-83D0-C97ACE18D0F8}.Release|Mixed Platforms.ActiveCfg = Release|Any CPU
		{9E0FF35A-3DA7-4051-83D0-C97ACE18D0F8}.Release|Mixed Platforms.Build.0 = Release|Any CPU
		{9E0FF35A-3DA7-4051-83D0-C97ACE18D0F8}.Release|x86.ActiveCfg = Release|Any CPU
		{9E0FF35A-3DA7-4051-83D0-C97ACE18D0F8}.Release|x86.Build.0 = Release|Any CPU
		{2602DD72-5AA0-45A2-A4A6-4805DA33C318}.Debug|.NET.ActiveCfg = Debug|Any CPU
		{2602DD72-5AA0-45A2-A4A6-4805DA33C318}.Debug|.NET.Build.0 = Debug|Any CPU
		{2602DD72-5AA0-45A2-A4A6-4805DA33C318}.Debug|Any CPU.ActiveCfg = Debug|Any CPU
		{2602DD72-5AA0-45A2-A4A6-4805DA33C318}.Debug|Any CPU.Build.0 = Debug|Any CPU
		{2602DD72-5AA0-45A2-A4A6-4805DA33C318}.Debug|Mixed Platforms.ActiveCfg = Debug|Any CPU
		{2602DD72-5AA0-45A2-A4A6-4805DA33C318}.Debug|Mixed Platforms.Build.0 = Debug|Any CPU
		{2602DD72-5AA0-45A2-A4A6-4805DA33C318}.Debug|x86.ActiveCfg = Debug|Any CPU
		{2602DD72-5AA0-45A2-A4A6-4805DA33C318}.Debug|x86.Build.0 = Debug|Any CPU
		{2602DD72-5AA0-45A2-A4A6-4805DA33C318}.Release|.NET.ActiveCfg = Release|Any CPU
		{2602DD72-5AA0-45A2-A4A6-4805DA33C318}.Release|.NET.Build.0 = Release|Any CPU
		{2602DD72-5AA0-45A2-A4A6-4805DA33C318}.Release|Any CPU.ActiveCfg = Release|Any CPU
		{2602DD72-5AA0-45A2-A4A6-4805DA33C318}.Release|Any CPU.Build.0 = Release|Any CPU
		{2602DD72-5AA0-45A2-A4A6-4805DA33C318}.Release|Mixed Platforms.ActiveCfg = Release|Any CPU
		{2602DD72-5AA0-45A2-A4A6-4805DA33C318}.Release|Mixed Platforms.Build.0 = Release|Any CPU
		{2602DD72-5AA0-45A2-A4A6-4805DA33C318}.Release|x86.ActiveCfg = Release|Any CPU
		{2602DD72-5AA0-45A2-A4A6-4805DA33C318}.Release|x86.Build.0 = Release|Any CPU
		{AC280306-B8E2-49BB-A997-A019A5E1FA57}.Debug|.NET.ActiveCfg = Debug|Any CPU
		{AC280306-B8E2-49BB-A997-A019A5E1FA57}.Debug|.NET.Build.0 = Debug|Any CPU
		{AC280306-B8E2-49BB-A997-A019A5E1FA57}.Debug|Any CPU.ActiveCfg = Debug|Any CPU
		{AC280306-B8E2-49BB-A997-A019A5E1FA57}.Debug|Any CPU.Build.0 = Debug|Any CPU
		{AC280306-B8E2-49BB-A997-A019A5E1FA57}.Debug|Mixed Platforms.ActiveCfg = Debug|Any CPU
		{AC280306-B8E2-49BB-A997-A019A5E1FA57}.Debug|Mixed Platforms.Build.0 = Debug|Any CPU
		{AC280306-B8E2-49BB-A997-A019A5E1FA57}.Debug|x86.ActiveCfg = Debug|Any CPU
		{AC280306-B8E2-49BB-A997-A019A5E1FA57}.Debug|x86.Build.0 = Debug|Any CPU
		{AC280306-B8E2-49BB-A997-A019A5E1FA57}.Release|.NET.ActiveCfg = Release|Any CPU
		{AC280306-B8E2-49BB-A997-A019A5E1FA57}.Release|.NET.Build.0 = Release|Any CPU
		{AC280306-B8E2-49BB-A997-A019A5E1FA57}.Release|Any CPU.ActiveCfg = Release|Any CPU
		{AC280306-B8E2-49BB-A997-A019A5E1FA57}.Release|Any CPU.Build.0 = Release|Any CPU
		{AC280306-B8E2-49BB-A997-A019A5E1FA57}.Release|Mixed Platforms.ActiveCfg = Release|Any CPU
		{AC280306-B8E2-49BB-A997-A019A5E1FA57}.Release|Mixed Platforms.Build.0 = Release|Any CPU
		{AC280306-B8E2-49BB-A997-A019A5E1FA57}.Release|x86.ActiveCfg = Release|Any CPU
		{AC280306-B8E2-49BB-A997-A019A5E1FA57}.Release|x86.Build.0 = Release|Any CPU
	EndGlobalSection
	GlobalSection(SolutionProperties) = preSolution
		HideSolutionNode = FALSE
	EndGlobalSection
	GlobalSection(NestedProjects) = preSolution
		{956E5D79-5D36-4508-9914-F4EC39BEA928} = {E01A4995-69A5-421D-9B7F-FA935E758AC9}
		{9D54BA58-FBB9-4325-82EF-1A4F8B36881F} = {23B7469F-E6D8-422F-A8DB-9C19E213915B}
		{53A26DE3-C25B-430E-8147-990AC6131BE1} = {948F74DD-5FFA-4A02-808F-1812C15C5071}
		{5CD9843B-44FC-434C-A31A-DDD0C786CE62} = {1EE28990-FB8B-4CB1-AE40-CE2903135873}
		{2D0B88C2-64EA-4250-A0E3-24D9C5E2FBC3} = {1EE28990-FB8B-4CB1-AE40-CE2903135873}
		{0038604A-8632-4277-A818-3CD60B3F216B} = {1EE28990-FB8B-4CB1-AE40-CE2903135873}
		{9E0FF35A-3DA7-4051-83D0-C97ACE18D0F8} = {23B7469F-E6D8-422F-A8DB-9C19E213915B}
		{2602DD72-5AA0-45A2-A4A6-4805DA33C318} = {23B7469F-E6D8-422F-A8DB-9C19E213915B}
		{AC280306-B8E2-49BB-A997-A019A5E1FA57} = {1EE28990-FB8B-4CB1-AE40-CE2903135873}
	EndGlobalSection
	GlobalSection(ExtensibilityGlobals) = postSolution
		SolutionGuid = {D8133CC0-28D9-4CD6-8284-726C2C85E359}
		EnterpriseLibraryConfigurationToolBinariesPath = packages\Unity.2.1.505.2\lib\NET35;packages\Unity.2.1.505.0\lib\NET35
	EndGlobalSection
EndGlobal
